
Microsoft Visual Studio Solution File, Format Version 12.00
# Visual Studio Version 16
VisualStudioVersion = 16.0.29806.167
MinimumVisualStudioVersion = 10.0.40219.1
Project("{FAE04EC0-301F-11D3-BF4B-00C04F79EFBC}") = "ConsoleApp2", "ConsoleApp2\ConsoleApp2.csproj", "{291A7641-E6DD-44E6-9977-6E4F80C266B9}"
EndProject
Project("{FAE04EC0-301F-11D3-BF4B-00C04F79EFBC}") = "Test", "Test\Test.csproj", "{31A5DF35-8610-420B-B57F-ACE405A3DE19}"
EndProject
Project("{FAE04EC0-301F-11D3-BF4B-00C04F79EFBC}") = "Textfile", "Textfile\Textfile.csproj", "{244B3F5A-5368-499E-BD25-182F97B9AC76}"
EndProject
Project("{FAE04EC0-301F-11D3-BF4B-00C04F79EFBC}") = "Mainform", "Mainform\Mainform.csproj", "{9A7E1FA4-110F-4DD0-A042-25045D857DDE}"
EndProject
Project("{FAE04EC0-301F-11D3-BF4B-00C04F79EFBC}") = "Classes", "Classes\Classes.csproj", "{4199BE06-BA7D-4F0A-873D-B8D10DF07E6A}"
EndProject
Project("{FAE04EC0-301F-11D3-BF4B-00C04F79EFBC}") = "Provider", "Provider\Provider.csproj", "{8030485F-DA7A-430D-B4F5-09910544E674}"
EndProject
Project("{FAE04EC0-301F-11D3-BF4B-00C04F79EFBC}") = "Sectional Checking", "Sectional Checking\Sectional Checking.csproj", "{82A4267A-5AA5-4CDF-AC16-C7F4335B48A8}"
EndProject
Global
	GlobalSection(SolutionConfigurationPlatforms) = preSolution
		Debug|Any CPU = Debug|Any CPU
		Release|Any CPU = Release|Any CPU
	EndGlobalSection
	GlobalSection(ProjectConfigurationPlatforms) = postSolution
		{291A7641-E6DD-44E6-9977-6E4F80C266B9}.Debug|Any CPU.ActiveCfg = Debug|Any CPU
		{291A7641-E6DD-44E6-9977-6E4F80C266B9}.Debug|Any CPU.Build.0 = Debug|Any CPU
		{291A7641-E6DD-44E6-9977-6E4F80C266B9}.Release|Any CPU.ActiveCfg = Release|Any CPU
		{291A7641-E6DD-44E6-9977-6E4F80C266B9}.Release|Any CPU.Build.0 = Release|Any CPU
		{31A5DF35-8610-420B-B57F-ACE405A3DE19}.Debug|Any CPU.ActiveCfg = Debug|Any CPU
		{31A5DF35-8610-420B-B57F-ACE405A3DE19}.Debug|Any CPU.Build.0 = Debug|Any CPU
		{31A5DF35-8610-420B-B57F-ACE405A3DE19}.Release|Any CPU.ActiveCfg = Release|Any CPU
		{31A5DF35-8610-420B-B57F-ACE405A3DE19}.Release|Any CPU.Build.0 = Release|Any CPU
		{244B3F5A-5368-499E-BD25-182F97B9AC76}.Debug|Any CPU.ActiveCfg = Debug|Any CPU
		{244B3F5A-5368-499E-BD25-182F97B9AC76}.Debug|Any CPU.Build.0 = Debug|Any CPU
		{244B3F5A-5368-499E-BD25-182F97B9AC76}.Release|Any CPU.ActiveCfg = Release|Any CPU
		{244B3F5A-5368-499E-BD25-182F97B9AC76}.Release|Any CPU.Build.0 = Release|Any CPU
		{9A7E1FA4-110F-4DD0-A042-25045D857DDE}.Debug|Any CPU.ActiveCfg = Debug|Any CPU
		{9A7E1FA4-110F-4DD0-A042-25045D857DDE}.Debug|Any CPU.Build.0 = Debug|Any CPU
		{9A7E1FA4-110F-4DD0-A042-25045D857DDE}.Release|Any CPU.ActiveCfg = Release|Any CPU
		{9A7E1FA4-110F-4DD0-A042-25045D857DDE}.Release|Any CPU.Build.0 = Release|Any CPU
		{4199BE06-BA7D-4F0A-873D-B8D10DF07E6A}.Debug|Any CPU.ActiveCfg = Debug|Any CPU
		{4199BE06-BA7D-4F0A-873D-B8D10DF07E6A}.Debug|Any CPU.Build.0 = Debug|Any CPU
		{4199BE06-BA7D-4F0A-873D-B8D10DF07E6A}.Release|Any CPU.ActiveCfg = Release|Any CPU
		{4199BE06-BA7D-4F0A-873D-B8D10DF07E6A}.Release|Any CPU.Build.0 = Release|Any CPU
		{8030485F-DA7A-430D-B4F5-09910544E674}.Debug|Any CPU.ActiveCfg = Debug|Any CPU
		{8030485F-DA7A-430D-B4F5-09910544E674}.Debug|Any CPU.Build.0 = Debug|Any CPU
		{8030485F-DA7A-430D-B4F5-09910544E674}.Release|Any CPU.ActiveCfg = Release|Any CPU
		{8030485F-DA7A-430D-B4F5-09910544E674}.Release|Any CPU.Build.0 = Release|Any CPU
		{82A4267A-5AA5-4CDF-AC16-C7F4335B48A8}.Debug|Any CPU.ActiveCfg = Debug|Any CPU
		{82A4267A-5AA5-4CDF-AC16-C7F4335B48A8}.Debug|Any CPU.Build.0 = Debug|Any CPU
		{82A4267A-5AA5-4CDF-AC16-C7F4335B48A8}.Release|Any CPU.ActiveCfg = Release|Any CPU
		{82A4267A-5AA5-4CDF-AC16-C7F4335B48A8}.Release|Any CPU.Build.0 = Release|Any CPU
	EndGlobalSection
	GlobalSection(SolutionProperties) = preSolution
		HideSolutionNode = FALSE
	EndGlobalSection
	GlobalSection(ExtensibilityGlobals) = postSolution
		SolutionGuid = {1EF49905-8C2A-4DBC-B9B8-33AE3A07B5EA}
	EndGlobalSection
EndGlobal
